
Microsoft Visual Studio Solution File, Format Version 12.00
# Visual Studio 14
VisualStudioVersion = 14.0.25420.1
MinimumVisualStudioVersion = 10.0.40219.1
Project("{FAE04EC0-301F-11D3-BF4B-00C04F79EFBC}") = "Our.Umbraco.Forms.Expressions", "Our.Umbraco.Forms.Expressions\Our.Umbraco.Forms.Expressions.csproj", "{8676536C-BD0A-4D83-8063-5DB932CB61E3}"
EndProject
Project("{FAE04EC0-301F-11D3-BF4B-00C04F79EFBC}") = "Our.Umbraco.Forms.Expressions.Tests", "Our.Umbraco.Forms.Expressions.Tests\Our.Umbraco.Forms.Expressions.Tests.csproj", "{C92FDB3C-615B-478C-BED2-09542322D643}"
EndProject
Project("{2150E333-8FDC-42A3-9474-1A3956D46DE8}") = "BNF", "BNF", "{B9A19E1B-22A1-4105-BB9B-1627BAF9EFCA}"
	ProjectSection(SolutionItems) = preProject
		Form values expressions.txt = Form values expressions.txt
	EndProjectSection
EndProject
Project("{2150E333-8FDC-42A3-9474-1A3956D46DE8}") = "Docs", "Docs", "{9AD2BC40-C88D-4C43-822F-6E239E018E7B}"
	ProjectSection(SolutionItems) = preProject
		license.txt = license.txt
		readme.md = readme.md
	EndProjectSection
EndProject
Project("{FAE04EC0-301F-11D3-BF4B-00C04F79EFBC}") = "Our.Umbraco.Forms.Expressions.UI", "Our.Umbraco.Forms.Expressions.UI\Our.Umbraco.Forms.Expressions.UI.csproj", "{CDA45088-A83F-469C-9223-55D4709977AD}"
EndProject
Project("{FAE04EC0-301F-11D3-BF4B-00C04F79EFBC}") = "Our.Umbraco.Forms.Expressions.TestWeb", "Our.Umbraco.Forms.Expressions.TestWeb\Our.Umbraco.Forms.Expressions.TestWeb.csproj", "{1A262DF7-0986-4BD2-BAA4-93C9E0BEB0BE}"
EndProject
Global
	GlobalSection(SolutionConfigurationPlatforms) = preSolution
		Debug|Any CPU = Debug|Any CPU
		Release|Any CPU = Release|Any CPU
	EndGlobalSection
	GlobalSection(ProjectConfigurationPlatforms) = postSolution
		{8676536C-BD0A-4D83-8063-5DB932CB61E3}.Debug|Any CPU.ActiveCfg = Debug|Any CPU
		{8676536C-BD0A-4D83-8063-5DB932CB61E3}.Debug|Any CPU.Build.0 = Debug|Any CPU
		{8676536C-BD0A-4D83-8063-5DB932CB61E3}.Release|Any CPU.ActiveCfg = Release|Any CPU
		{8676536C-BD0A-4D83-8063-5DB932CB61E3}.Release|Any CPU.Build.0 = Release|Any CPU
		{C92FDB3C-615B-478C-BED2-09542322D643}.Debug|Any CPU.ActiveCfg = Debug|Any CPU
		{C92FDB3C-615B-478C-BED2-09542322D643}.Debug|Any CPU.Build.0 = Debug|Any CPU
		{C92FDB3C-615B-478C-BED2-09542322D643}.Release|Any CPU.ActiveCfg = Release|Any CPU
		{C92FDB3C-615B-478C-BED2-09542322D643}.Release|Any CPU.Build.0 = Release|Any CPU
		{CDA45088-A83F-469C-9223-55D4709977AD}.Debug|Any CPU.ActiveCfg = Debug|Any CPU
		{CDA45088-A83F-469C-9223-55D4709977AD}.Debug|Any CPU.Build.0 = Debug|Any CPU
		{CDA45088-A83F-469C-9223-55D4709977AD}.Release|Any CPU.ActiveCfg = Release|Any CPU
		{CDA45088-A83F-469C-9223-55D4709977AD}.Release|Any CPU.Build.0 = Release|Any CPU
		{1A262DF7-0986-4BD2-BAA4-93C9E0BEB0BE}.Debug|Any CPU.ActiveCfg = Debug|Any CPU
		{1A262DF7-0986-4BD2-BAA4-93C9E0BEB0BE}.Debug|Any CPU.Build.0 = Debug|Any CPU
		{1A262DF7-0986-4BD2-BAA4-93C9E0BEB0BE}.Release|Any CPU.ActiveCfg = Release|Any CPU
		{1A262DF7-0986-4BD2-BAA4-93C9E0BEB0BE}.Release|Any CPU.Build.0 = Release|Any CPU
	EndGlobalSection
	GlobalSection(SolutionProperties) = preSolution
		HideSolutionNode = FALSE
	EndGlobalSection
EndGlobal
